// !$*UTF8*$!
{
	archiveVersion = 1;
	classes = {
	};
	objectVersion = 56;
	objects = {

/* Begin PBXBuildFile section */
		148F8CA72AF32A84005F59B5 /* StudyMateApp.swift in Sources */ = {isa = PBXBuildFile; fileRef = 148F8CA62AF32A84005F59B5 /* StudyMateApp.swift */; };
		148F8CA92AF32A84005F59B5 /* ContentView.swift in Sources */ = {isa = PBXBuildFile; fileRef = 148F8CA82AF32A84005F59B5 /* ContentView.swift */; };
		148F8CAB2AF32A86005F59B5 /* Assets.xcassets in Resources */ = {isa = PBXBuildFile; fileRef = 148F8CAA2AF32A86005F59B5 /* Assets.xcassets */; };
		148F8CAE2AF32A86005F59B5 /* Preview Assets.xcassets in Resources */ = {isa = PBXBuildFile; fileRef = 148F8CAD2AF32A86005F59B5 /* Preview Assets.xcassets */; };
		148F8CB82AF32A86005F59B5 /* StudyMateTests.swift in Sources */ = {isa = PBXBuildFile; fileRef = 148F8CB72AF32A86005F59B5 /* StudyMateTests.swift */; };
		148F8CC22AF32A86005F59B5 /* StudyMateUITests.swift in Sources */ = {isa = PBXBuildFile; fileRef = 148F8CC12AF32A86005F59B5 /* StudyMateUITests.swift */; };
		148F8CC42AF32A86005F59B5 /* StudyMateUITestsLaunchTests.swift in Sources */ = {isa = PBXBuildFile; fileRef = 148F8CC32AF32A86005F59B5 /* StudyMateUITestsLaunchTests.swift */; };
/* End PBXBuildFile section */

/* Begin PBXContainerItemProxy section */
		148F8CB42AF32A86005F59B5 /* PBXContainerItemProxy */ = {
			isa = PBXContainerItemProxy;
			containerPortal = 148F8C9B2AF32A84005F59B5 /* Project object */;
			proxyType = 1;
			remoteGlobalIDString = 148F8CA22AF32A84005F59B5;
			remoteInfo = StudyMate;
		};
		148F8CBE2AF32A86005F59B5 /* PBXContainerItemProxy */ = {
			isa = PBXContainerItemProxy;
			containerPortal = 148F8C9B2AF32A84005F59B5 /* Project object */;
			proxyType = 1;
			remoteGlobalIDString = 148F8CA22AF32A84005F59B5;
			remoteInfo = StudyMate;
		};
/* End PBXContainerItemProxy section */

/* Begin PBXFileReference section */
		148F8CA32AF32A84005F59B5 /* StudyMate.app */ = {isa = PBXFileReference; explicitFileType = wrapper.application; includeInIndex = 0; path = StudyMate.app; sourceTree = BUILT_PRODUCTS_DIR; };
		148F8CA62AF32A84005F59B5 /* StudyMateApp.swift */ = {isa = PBXFileReference; lastKnownFileType = sourcecode.swift; path = StudyMateApp.swift; sourceTree = "<group>"; };
		148F8CA82AF32A84005F59B5 /* ContentView.swift */ = {isa = PBXFileReference; lastKnownFileType = sourcecode.swift; path = ContentView.swift; sourceTree = "<group>"; };
		148F8CAA2AF32A86005F59B5 /* Assets.xcassets */ = {isa = PBXFileReference; lastKnownFileType = folder.assetcatalog; path = Assets.xcassets; sourceTree = "<group>"; };
		148F8CAD2AF32A86005F59B5 /* Preview Assets.xcassets */ = {isa = PBXFileReference; lastKnownFileType = folder.assetcatalog; path = "Preview Assets.xcassets"; sourceTree = "<group>"; };
		148F8CB32AF32A86005F59B5 /* StudyMateTests.xctest */ = {isa = PBXFileReference; explicitFileType = wrapper.cfbundle; includeInIndex = 0; path = StudyMateTests.xctest; sourceTree = BUILT_PRODUCTS_DIR; };
		148F8CB72AF32A86005F59B5 /* StudyMateTests.swift */ = {isa = PBXFileReference; lastKnownFileType = sourcecode.swift; path = StudyMateTests.swift; sourceTree = "<group>"; };
		148F8CBD2AF32A86005F59B5 /* StudyMateUITests.xctest */ = {isa = PBXFileReference; explicitFileType = wrapper.cfbundle; includeInIndex = 0; path = StudyMateUITests.xctest; sourceTree = BUILT_PRODUCTS_DIR; };
		148F8CC12AF32A86005F59B5 /* StudyMateUITests.swift */ = {isa = PBXFileReference; lastKnownFileType = sourcecode.swift; path = StudyMateUITests.swift; sourceTree = "<group>"; };
		148F8CC32AF32A86005F59B5 /* StudyMateUITestsLaunchTests.swift */ = {isa = PBXFileReference; lastKnownFileType = sourcecode.swift; path = StudyMateUITestsLaunchTests.swift; sourceTree = "<group>"; };
/* End PBXFileReference section */

/* Begin PBXFrameworksBuildPhase section */
		148F8CA02AF32A84005F59B5 /* Frameworks */ = {
			isa = PBXFrameworksBuildPhase;
			buildActionMask = 2147483647;
			files = (
			);
			runOnlyForDeploymentPostprocessing = 0;
		};
		148F8CB02AF32A86005F59B5 /* Frameworks */ = {
			isa = PBXFrameworksBuildPhase;
			buildActionMask = 2147483647;
			files = (
			);
			runOnlyForDeploymentPostprocessing = 0;
		};
		148F8CBA2AF32A86005F59B5 /* Frameworks */ = {
			isa = PBXFrameworksBuildPhase;
			buildActionMask = 2147483647;
			files = (
			);
			runOnlyForDeploymentPostprocessing = 0;
		};
/* End PBXFrameworksBuildPhase section */

/* Begin PBXGroup section */
		148F8C9A2AF32A84005F59B5 = {
			isa = PBXGroup;
			children = (
				148F8CA52AF32A84005F59B5 /* StudyMate */,
				148F8CB62AF32A86005F59B5 /* StudyMateTests */,
				148F8CC02AF32A86005F59B5 /* StudyMateUITests */,
				148F8CA42AF32A84005F59B5 /* Products */,
			);
			sourceTree = "<group>";
		};
		148F8CA42AF32A84005F59B5 /* Products */ = {
			isa = PBXGroup;
			children = (
				148F8CA32AF32A84005F59B5 /* StudyMate.app */,
				148F8CB32AF32A86005F59B5 /* StudyMateTests.xctest */,
				148F8CBD2AF32A86005F59B5 /* StudyMateUITests.xctest */,
			);
			name = Products;
			sourceTree = "<group>";
		};
		148F8CA52AF32A84005F59B5 /* StudyMate */ = {
			isa = PBXGroup;
			children = (
				148F8CA62AF32A84005F59B5 /* StudyMateApp.swift */,
				148F8CA82AF32A84005F59B5 /* ContentView.swift */,
				148F8CAA2AF32A86005F59B5 /* Assets.xcassets */,
				148F8CAC2AF32A86005F59B5 /* Preview Content */,
			);
			path = StudyMate;
			sourceTree = "<group>";
		};
		148F8CAC2AF32A86005F59B5 /* Preview Content */ = {
			isa = PBXGroup;
			children = (
				148F8CAD2AF32A86005F59B5 /* Preview Assets.xcassets */,
			);
			path = "Preview Content";
			sourceTree = "<group>";
		};
		148F8CB62AF32A86005F59B5 /* StudyMateTests */ = {
			isa = PBXGroup;
			children = (
				148F8CB72AF32A86005F59B5 /* StudyMateTests.swift */,
			);
			path = StudyMateTests;
			sourceTree = "<group>";
		};
		148F8CC02AF32A86005F59B5 /* StudyMateUITests */ = {
			isa = PBXGroup;
			children = (
				148F8CC12AF32A86005F59B5 /* StudyMateUITests.swift */,
				148F8CC32AF32A86005F59B5 /* StudyMateUITestsLaunchTests.swift */,
			);
			path = StudyMateUITests;
			sourceTree = "<group>";
		};
/* End PBXGroup section */

/* Begin PBXNativeTarget section */
		148F8CA22AF32A84005F59B5 /* StudyMate */ = {
			isa = PBXNativeTarget;
			buildConfigurationList = 148F8CC72AF32A86005F59B5 /* Build configuration list for PBXNativeTarget "StudyMate" */;
			buildPhases = (
				148F8C9F2AF32A84005F59B5 /* Sources */,
				148F8CA02AF32A84005F59B5 /* Frameworks */,
				148F8CA12AF32A84005F59B5 /* Resources */,
			);
			buildRules = (
			);
			dependencies = (
			);
			name = StudyMate;
			productName = StudyMate;
			productReference = 148F8CA32AF32A84005F59B5 /* StudyMate.app */;
			productType = "com.apple.product-type.application";
		};
		148F8CB22AF32A86005F59B5 /* StudyMateTests */ = {
			isa = PBXNativeTarget;
			buildConfigurationList = 148F8CCA2AF32A86005F59B5 /* Build configuration list for PBXNativeTarget "StudyMateTests" */;
			buildPhases = (
				148F8CAF2AF32A86005F59B5 /* Sources */,
				148F8CB02AF32A86005F59B5 /* Frameworks */,
				148F8CB12AF32A86005F59B5 /* Resources */,
			);
			buildRules = (
			);
			dependencies = (
				148F8CB52AF32A86005F59B5 /* PBXTargetDependency */,
			);
			name = StudyMateTests;
			productName = StudyMateTests;
			productReference = 148F8CB32AF32A86005F59B5 /* StudyMateTests.xctest */;
			productType = "com.apple.product-type.bundle.unit-test";
		};
		148F8CBC2AF32A86005F59B5 /* StudyMateUITests */ = {
			isa = PBXNativeTarget;
			buildConfigurationList = 148F8CCD2AF32A86005F59B5 /* Build configuration list for PBXNativeTarget "StudyMateUITests" */;
			buildPhases = (
				148F8CB92AF32A86005F59B5 /* Sources */,
				148F8CBA2AF32A86005F59B5 /* Frameworks */,
				148F8CBB2AF32A86005F59B5 /* Resources */,
			);
			buildRules = (
			);
			dependencies = (
				148F8CBF2AF32A86005F59B5 /* PBXTargetDependency */,
			);
			name = StudyMateUITests;
			productName = StudyMateUITests;
			productReference = 148F8CBD2AF32A86005F59B5 /* StudyMateUITests.xctest */;
			productType = "com.apple.product-type.bundle.ui-testing";
		};
/* End PBXNativeTarget section */

/* Begin PBXProject section */
		148F8C9B2AF32A84005F59B5 /* Project object */ = {
			isa = PBXProject;
			attributes = {
				BuildIndependentTargetsInParallel = 1;
				LastSwiftUpdateCheck = 1500;
				LastUpgradeCheck = 1500;
				TargetAttributes = {
					148F8CA22AF32A84005F59B5 = {
						CreatedOnToolsVersion = 15.0.1;
					};
					148F8CB22AF32A86005F59B5 = {
						CreatedOnToolsVersion = 15.0.1;
						TestTargetID = 148F8CA22AF32A84005F59B5;
					};
					148F8CBC2AF32A86005F59B5 = {
						CreatedOnToolsVersion = 15.0.1;
						TestTargetID = 148F8CA22AF32A84005F59B5;
					};
				};
			};
			buildConfigurationList = 148F8C9E2AF32A84005F59B5 /* Build configuration list for PBXProject "StudyMate" */;
			compatibilityVersion = "Xcode 14.0";
			developmentRegion = en;
			hasScannedForEncodings = 0;
			knownRegions = (
				en,
				Base,
			);
			mainGroup = 148F8C9A2AF32A84005F59B5;
			productRefGroup = 148F8CA42AF32A84005F59B5 /* Products */;
			projectDirPath = "";
			projectRoot = "";
			targets = (
				148F8CA22AF32A84005F59B5 /* StudyMate */,
				148F8CB22AF32A86005F59B5 /* StudyMateTests */,
				148F8CBC2AF32A86005F59B5 /* StudyMateUITests */,
			);
		};
/* End PBXProject section */

/* Begin PBXResourcesBuildPhase section */
		148F8CA12AF32A84005F59B5 /* Resources */ = {
			isa = PBXResourcesBuildPhase;
			buildActionMask = 2147483647;
			files = (
				148F8CAE2AF32A86005F59B5 /* Preview Assets.xcassets in Resources */,
				148F8CAB2AF32A86005F59B5 /* Assets.xcassets in Resources */,
			);
			runOnlyForDeploymentPostprocessing = 0;
		};
		148F8CB12AF32A86005F59B5 /* Resources */ = {
			isa = PBXResourcesBuildPhase;
			buildActionMask = 2147483647;
			files = (
			);
			runOnlyForDeploymentPostprocessing = 0;
		};
		148F8CBB2AF32A86005F59B5 /* Resources */ = {
			isa = PBXResourcesBuildPhase;
			buildActionMask = 2147483647;
			files = (
			);
			runOnlyForDeploymentPostprocessing = 0;
		};
/* End PBXResourcesBuildPhase section */

/* Begin PBXSourcesBuildPhase section */
		148F8C9F2AF32A84005F59B5 /* Sources */ = {
			isa = PBXSourcesBuildPhase;
			buildActionMask = 2147483647;
			files = (
				148F8CA92AF32A84005F59B5 /* ContentView.swift in Sources */,
				148F8CA72AF32A84005F59B5 /* StudyMateApp.swift in Sources */,
			);
			runOnlyForDeploymentPostprocessing = 0;
		};
		148F8CAF2AF32A86005F59B5 /* Sources */ = {
			isa = PBXSourcesBuildPhase;
			buildActionMask = 2147483647;
			files = (
				148F8CB82AF32A86005F59B5 /* StudyMateTests.swift in Sources */,
			);
			runOnlyForDeploymentPostprocessing = 0;
		};
		148F8CB92AF32A86005F59B5 /* Sources */ = {
			isa = PBXSourcesBuildPhase;
			buildActionMask = 2147483647;
			files = (
				148F8CC22AF32A86005F59B5 /* StudyMateUITests.swift in Sources */,
				148F8CC42AF32A86005F59B5 /* StudyMateUITestsLaunchTests.swift in Sources */,
			);
			runOnlyForDeploymentPostprocessing = 0;
		};
/* End PBXSourcesBuildPhase section */

/* Begin PBXTargetDependency section */
		148F8CB52AF32A86005F59B5 /* PBXTargetDependency */ = {
			isa = PBXTargetDependency;
			target = 148F8CA22AF32A84005F59B5 /* StudyMate */;
			targetProxy = 148F8CB42AF32A86005F59B5 /* PBXContainerItemProxy */;
		};
		148F8CBF2AF32A86005F59B5 /* PBXTargetDependency */ = {
			isa = PBXTargetDependency;
			target = 148F8CA22AF32A84005F59B5 /* StudyMate */;
			targetProxy = 148F8CBE2AF32A86005F59B5 /* PBXContainerItemProxy */;
		};
/* End PBXTargetDependency section */

/* Begin XCBuildConfiguration section */
		148F8CC52AF32A86005F59B5 /* Debug */ = {
			isa = XCBuildConfiguration;
			buildSettings = {
				ALWAYS_SEARCH_USER_PATHS = NO;
				ASSETCATALOG_COMPILER_GENERATE_SWIFT_ASSET_SYMBOL_EXTENSIONS = YES;
				CLANG_ANALYZER_NONNULL = YES;
				CLANG_ANALYZER_NUMBER_OBJECT_CONVERSION = YES_AGGRESSIVE;
				CLANG_CXX_LANGUAGE_STANDARD = "gnu++20";
				CLANG_ENABLE_MODULES = YES;
				CLANG_ENABLE_OBJC_ARC = YES;
				CLANG_ENABLE_OBJC_WEAK = YES;
				CLANG_WARN_BLOCK_CAPTURE_AUTORELEASING = YES;
				CLANG_WARN_BOOL_CONVERSION = YES;
				CLANG_WARN_COMMA = YES;
				CLANG_WARN_CONSTANT_CONVERSION = YES;
				CLANG_WARN_DEPRECATED_OBJC_IMPLEMENTATIONS = YES;
				CLANG_WARN_DIRECT_OBJC_ISA_USAGE = YES_ERROR;
				CLANG_WARN_DOCUMENTATION_COMMENTS = YES;
				CLANG_WARN_EMPTY_BODY = YES;
				CLANG_WARN_ENUM_CONVERSION = YES;
				CLANG_WARN_INFINITE_RECURSION = YES;
				CLANG_WARN_INT_CONVERSION = YES;
				CLANG_WARN_NON_LITERAL_NULL_CONVERSION = YES;
				CLANG_WARN_OBJC_IMPLICIT_RETAIN_SELF = YES;
				CLANG_WARN_OBJC_LITERAL_CONVERSION = YES;
				CLANG_WARN_OBJC_ROOT_CLASS = YES_ERROR;
				CLANG_WARN_QUOTED_INCLUDE_IN_FRAMEWORK_HEADER = YES;
				CLANG_WARN_RANGE_LOOP_ANALYSIS = YES;
				CLANG_WARN_STRICT_PROTOTYPES = YES;
				CLANG_WARN_SUSPICIOUS_MOVE = YES;
				CLANG_WARN_UNGUARDED_AVAILABILITY = YES_AGGRESSIVE;
				CLANG_WARN_UNREACHABLE_CODE = YES;
				CLANG_WARN__DUPLICATE_METHOD_MATCH = YES;
				COPY_PHASE_STRIP = NO;
				DEBUG_INFORMATION_FORMAT = dwarf;
				ENABLE_STRICT_OBJC_MSGSEND = YES;
				ENABLE_TESTABILITY = YES;
				ENABLE_USER_SCRIPT_SANDBOXING = YES;
				GCC_C_LANGUAGE_STANDARD = gnu17;
				GCC_DYNAMIC_NO_PIC = NO;
				GCC_NO_COMMON_BLOCKS = YES;
				GCC_OPTIMIZATION_LEVEL = 0;
				GCC_PREPROCESSOR_DEFINITIONS = (
					"DEBUG=1",
					"$(inherited)",
				);
				GCC_WARN_64_TO_32_BIT_CONVERSION = YES;
				GCC_WARN_ABOUT_RETURN_TYPE = YES_ERROR;
				GCC_WARN_UNDECLARED_SELECTOR = YES;
				GCC_WARN_UNINITIALIZED_AUTOS = YES_AGGRESSIVE;
				GCC_WARN_UNUSED_FUNCTION = YES;
				GCC_WARN_UNUSED_VARIABLE = YES;
				IPHONEOS_DEPLOYMENT_TARGET = 17.0;
				LOCALIZATION_PREFERS_STRING_CATALOGS = YES;
				MTL_ENABLE_DEBUG_INFO = INCLUDE_SOURCE;
				MTL_FAST_MATH = YES;
				ONLY_ACTIVE_ARCH = YES;
				SDKROOT = iphoneos;
				SWIFT_ACTIVE_COMPILATION_CONDITIONS = "DEBUG $(inherited)";
				SWIFT_OPTIMIZATION_LEVEL = "-Onone";
			};
			name = Debug;
		};
		148F8CC62AF32A86005F59B5 /* Release */ = {
			isa = XCBuildConfiguration;
			buildSettings = {
				ALWAYS_SEARCH_USER_PATHS = NO;
				ASSETCATALOG_COMPILER_GENERATE_SWIFT_ASSET_SYMBOL_EXTENSIONS = YES;
				CLANG_ANALYZER_NONNULL = YES;
				CLANG_ANALYZER_NUMBER_OBJECT_CONVERSION = YES_AGGRESSIVE;
				CLANG_CXX_LANGUAGE_STANDARD = "gnu++20";
				CLANG_ENABLE_MODULES = YES;
				CLANG_ENABLE_OBJC_ARC = YES;
				CLANG_ENABLE_OBJC_WEAK = YES;
				CLANG_WARN_BLOCK_CAPTURE_AUTORELEASING = YES;
				CLANG_WARN_BOOL_CONVERSION = YES;
				CLANG_WARN_COMMA = YES;
				CLANG_WARN_CONSTANT_CONVERSION = YES;
				CLANG_WARN_DEPRECATED_OBJC_IMPLEMENTATIONS = YES;
				CLANG_WARN_DIRECT_OBJC_ISA_USAGE = YES_ERROR;
				CLANG_WARN_DOCUMENTATION_COMMENTS = YES;
				CLANG_WARN_EMPTY_BODY = YES;
				CLANG_WARN_ENUM_CONVERSION = YES;
				CLANG_WARN_INFINITE_RECURSION = YES;
				CLANG_WARN_INT_CONVERSION = YES;
				CLANG_WARN_NON_LITERAL_NULL_CONVERSION = YES;
				CLANG_WARN_OBJC_IMPLICIT_RETAIN_SELF = YES;
				CLANG_WARN_OBJC_LITERAL_CONVERSION = YES;
				CLANG_WARN_OBJC_ROOT_CLASS = YES_ERROR;
				CLANG_WARN_QUOTED_INCLUDE_IN_FRAMEWORK_HEADER = YES;
				CLANG_WARN_RANGE_LOOP_ANALYSIS = YES;
				CLANG_WARN_STRICT_PROTOTYPES = YES;
				CLANG_WARN_SUSPICIOUS_MOVE = YES;
				CLANG_WARN_UNGUARDED_AVAILABILITY = YES_AGGRESSIVE;
				CLANG_WARN_UNREACHABLE_CODE = YES;
				CLANG_WARN__DUPLICATE_METHOD_MATCH = YES;
				COPY_PHASE_STRIP = NO;
				DEBUG_INFORMATION_FORMAT = "dwarf-with-dsym";
				ENABLE_NS_ASSERTIONS = NO;
				ENABLE_STRICT_OBJC_MSGSEND = YES;
				ENABLE_USER_SCRIPT_SANDBOXING = YES;
				GCC_C_LANGUAGE_STANDARD = gnu17;
				GCC_NO_COMMON_BLOCKS = YES;
				GCC_WARN_64_TO_32_BIT_CONVERSION = YES;
				GCC_WARN_ABOUT_RETURN_TYPE = YES_ERROR;
				GCC_WARN_UNDECLARED_SELECTOR = YES;
				GCC_WARN_UNINITIALIZED_AUTOS = YES_AGGRESSIVE;
				GCC_WARN_UNUSED_FUNCTION = YES;
				GCC_WARN_UNUSED_VARIABLE = YES;
				IPHONEOS_DEPLOYMENT_TARGET = 17.0;
				LOCALIZATION_PREFERS_STRING_CATALOGS = YES;
				MTL_ENABLE_DEBUG_INFO = NO;
				MTL_FAST_MATH = YES;
				SDKROOT = iphoneos;
				SWIFT_COMPILATION_MODE = wholemodule;
				VALIDATE_PRODUCT = YES;
			};
			name = Release;
		};
		148F8CC82AF32A86005F59B5 /* Debug */ = {
			isa = XCBuildConfiguration;
			buildSettings = {
				ASSETCATALOG_COMPILER_APPICON_NAME = AppIcon;
				ASSETCATALOG_COMPILER_GLOBAL_ACCENT_COLOR_NAME = AccentColor;
				CODE_SIGN_STYLE = Automatic;
				CURRENT_PROJECT_VERSION = 1;
				DEVELOPMENT_ASSET_PATHS = "\"StudyMate/Preview Content\"";
				DEVELOPMENT_TEAM = KYAMG82YF5;
				ENABLE_PREVIEWS = YES;
				GENERATE_INFOPLIST_FILE = YES;
				INFOPLIST_KEY_UIApplicationSceneManifest_Generation = YES;
				INFOPLIST_KEY_UIApplicationSupportsIndirectInputEvents = YES;
				INFOPLIST_KEY_UILaunchScreen_Generation = YES;
				INFOPLIST_KEY_UISupportedInterfaceOrientations_iPad = "UIInterfaceOrientationPortrait UIInterfaceOrientationPortraitUpsideDown UIInterfaceOrientationLandscapeLeft UIInterfaceOrientationLandscapeRight";
				INFOPLIST_KEY_UISupportedInterfaceOrientations_iPhone = "UIInterfaceOrientationPortrait UIInterfaceOrientationLandscapeLeft UIInterfaceOrientationLandscapeRight";
				LD_RUNPATH_SEARCH_PATHS = (
					"$(inherited)",
					"@executable_path/Frameworks",
				);
				MARKETING_VERSION = 1.0;
				PRODUCT_BUNDLE_IDENTIFIER = C.StudyMate;
				PRODUCT_NAME = "$(TARGET_NAME)";
				SWIFT_EMIT_LOC_STRINGS = YES;
				SWIFT_VERSION = 5.0;
				TARGETED_DEVICE_FAMILY = "1,2";
			};
			name = Debug;
		};
		148F8CC92AF32A86005F59B5 /* Release */ = {
			isa = XCBuildConfiguration;
			buildSettings = {
				ASSETCATALOG_COMPILER_APPICON_NAME = AppIcon;
				ASSETCATALOG_COMPILER_GLOBAL_ACCENT_COLOR_NAME = AccentColor;
				CODE_SIGN_STYLE = Automatic;
				CURRENT_PROJECT_VERSION = 1;
				DEVELOPMENT_ASSET_PATHS = "\"StudyMate/Preview Content\"";
				DEVELOPMENT_TEAM = KYAMG82YF5;
				ENABLE_PREVIEWS = YES;
				GENERATE_INFOPLIST_FILE = YES;
				INFOPLIST_KEY_UIApplicationSceneManifest_Generation = YES;
				INFOPLIST_KEY_UIApplicationSupportsIndirectInputEvents = YES;
				INFOPLIST_KEY_UILaunchScreen_Generation = YES;
				INFOPLIST_KEY_UISupportedInterfaceOrientations_iPad = "UIInterfaceOrientationPortrait UIInterfaceOrientationPortraitUpsideDown UIInterfaceOrientationLandscapeLeft UIInterfaceOrientationLandscapeRight";
				INFOPLIST_KEY_UISupportedInterfaceOrientations_iPhone = "UIInterfaceOrientationPortrait UIInterfaceOrientationLandscapeLeft UIInterfaceOrientationLandscapeRight";
				LD_RUNPATH_SEARCH_PATHS = (
					"$(inherited)",
					"@executable_path/Frameworks",
				);
				MARKETING_VERSION = 1.0;
				PRODUCT_BUNDLE_IDENTIFIER = C.StudyMate;
				PRODUCT_NAME = "$(TARGET_NAME)";
				SWIFT_EMIT_LOC_STRINGS = YES;
				SWIFT_VERSION = 5.0;
				TARGETED_DEVICE_FAMILY = "1,2";
			};
			name = Release;
		};
		148F8CCB2AF32A86005F59B5 /* Debug */ = {
			isa = XCBuildConfiguration;
			buildSettings = {
				ALWAYS_EMBED_SWIFT_STANDARD_LIBRARIES = YES;
				BUNDLE_LOADER = "$(TEST_HOST)";
				CODE_SIGN_STYLE = Automatic;
				CURRENT_PROJECT_VERSION = 1;
				DEVELOPMENT_TEAM = KYAMG82YF5;
				GENERATE_INFOPLIST_FILE = YES;
				IPHONEOS_DEPLOYMENT_TARGET = 17.0;
				MARKETING_VERSION = 1.0;
				PRODUCT_BUNDLE_IDENTIFIER = C.StudyMateTests;
				PRODUCT_NAME = "$(TARGET_NAME)";
				SWIFT_EMIT_LOC_STRINGS = NO;
				SWIFT_VERSION = 5.0;
				TARGETED_DEVICE_FAMILY = "1,2";
				TEST_HOST = "$(BUILT_PRODUCTS_DIR)/StudyMate.app/$(BUNDLE_EXECUTABLE_FOLDER_PATH)/StudyMate";
			};
			name = Debug;
		};
		148F8CCC2AF32A86005F59B5 /* Release */ = {
			isa = XCBuildConfiguration;
			buildSettings = {
				ALWAYS_EMBED_SWIFT_STANDARD_LIBRARIES = YES;
				BUNDLE_LOADER = "$(TEST_HOST)";
				CODE_SIGN_STYLE = Automatic;
				CURRENT_PROJECT_VERSION = 1;
				DEVELOPMENT_TEAM = KYAMG82YF5;
				GENERATE_INFOPLIST_FILE = YES;
				IPHONEOS_DEPLOYMENT_TARGET = 17.0;
				MARKETING_VERSION = 1.0;
				PRODUCT_BUNDLE_IDENTIFIER = C.StudyMateTests;
				PRODUCT_NAME = "$(TARGET_NAME)";
				SWIFT_EMIT_LOC_STRINGS = NO;
				SWIFT_VERSION = 5.0;
				TARGETED_DEVICE_FAMILY = "1,2";
				TEST_HOST = "$(BUILT_PRODUCTS_DIR)/StudyMate.app/$(BUNDLE_EXECUTABLE_FOLDER_PATH)/StudyMate";
			};
			name = Release;
		};
		148F8CCE2AF32A86005F59B5 /* Debug */ = {
			isa = XCBuildConfiguration;
			buildSettings = {
				ALWAYS_EMBED_SWIFT_STANDARD_LIBRARIES = YES;
				CODE_SIGN_STYLE = Automatic;
				CURRENT_PROJECT_VERSION = 1;
				DEVELOPMENT_TEAM = KYAMG82YF5;
				GENERATE_INFOPLIST_FILE = YES;
				MARKETING_VERSION = 1.0;
				PRODUCT_BUNDLE_IDENTIFIER = C.StudyMateUITests;
				PRODUCT_NAME = "$(TARGET_NAME)";
				SWIFT_EMIT_LOC_STRINGS = NO;
				SWIFT_VERSION = 5.0;
				TARGETED_DEVICE_FAMILY = "1,2";
				TEST_TARGET_NAME = StudyMate;
			};
			name = Debug;
		};
		148F8CCF2AF32A86005F59B5 /* Release */ = {
			isa = XCBuildConfiguration;
			buildSettings = {
				ALWAYS_EMBED_SWIFT_STANDARD_LIBRARIES = YES;
				CODE_SIGN_STYLE = Automatic;
				CURRENT_PROJECT_VERSION = 1;
				DEVELOPMENT_TEAM = KYAMG82YF5;
				GENERATE_INFOPLIST_FILE = YES;
				MARKETING_VERSION = 1.0;
				PRODUCT_BUNDLE_IDENTIFIER = C.StudyMateUITests;
				PRODUCT_NAME = "$(TARGET_NAME)";
				SWIFT_EMIT_LOC_STRINGS = NO;
				SWIFT_VERSION = 5.0;
				TARGETED_DEVICE_FAMILY = "1,2";
				TEST_TARGET_NAME = StudyMate;
			};
			name = Release;
		};
/* End XCBuildConfiguration section */

/* Begin XCConfigurationList section */
		148F8C9E2AF32A84005F59B5 /* Build configuration list for PBXProject "StudyMate" */ = {
			isa = XCConfigurationList;
			buildConfigurations = (
				148F8CC52AF32A86005F59B5 /* Debug */,
				148F8CC62AF32A86005F59B5 /* Release */,
			);
			defaultConfigurationIsVisible = 0;
			defaultConfigurationName = Release;
		};
		148F8CC72AF32A86005F59B5 /* Build configuration list for PBXNativeTarget "StudyMate" */ = {
			isa = XCConfigurationList;
			buildConfigurations = (
				148F8CC82AF32A86005F59B5 /* Debug */,
				148F8CC92AF32A86005F59B5 /* Release */,
			);
			defaultConfigurationIsVisible = 0;
			defaultConfigurationName = Release;
		};
		148F8CCA2AF32A86005F59B5 /* Build configuration list for PBXNativeTarget "StudyMateTests" */ = {
			isa = XCConfigurationList;
			buildConfigurations = (
				148F8CCB2AF32A86005F59B5 /* Debug */,
				148F8CCC2AF32A86005F59B5 /* Release */,
			);
			defaultConfigurationIsVisible = 0;
			defaultConfigurationName = Release;
		};
		148F8CCD2AF32A86005F59B5 /* Build configuration list for PBXNativeTarget "StudyMateUITests" */ = {
			isa = XCConfigurationList;
			buildConfigurations = (
				148F8CCE2AF32A86005F59B5 /* Debug */,
				148F8CCF2AF32A86005F59B5 /* Release */,
			);
			defaultConfigurationIsVisible = 0;
			defaultConfigurationName = Release;
		};
/* End XCConfigurationList section */
	};
	rootObject = 148F8C9B2AF32A84005F59B5 /* Project object */;
}
