// !$*UTF8*$!
{
	archiveVersion = 1;
	classes = {
	};
	objectVersion = 56;
	objects = {

/* Begin PBXBuildFile section */
		142386762AF36BDB00E679A5 /* StudyMate2App.swift in Sources */ = {isa = PBXBuildFile; fileRef = 142386752AF36BDB00E679A5 /* StudyMate2App.swift */; };
		1423867A2AF36BDC00E679A5 /* Assets.xcassets in Resources */ = {isa = PBXBuildFile; fileRef = 142386792AF36BDC00E679A5 /* Assets.xcassets */; };
		1423867D2AF36BDC00E679A5 /* Preview Assets.xcassets in Resources */ = {isa = PBXBuildFile; fileRef = 1423867C2AF36BDC00E679A5 /* Preview Assets.xcassets */; };
		142386872AF36BDC00E679A5 /* StudyMate2Tests.swift in Sources */ = {isa = PBXBuildFile; fileRef = 142386862AF36BDC00E679A5 /* StudyMate2Tests.swift */; };
		142386912AF36BDC00E679A5 /* StudyMate2UITests.swift in Sources */ = {isa = PBXBuildFile; fileRef = 142386902AF36BDC00E679A5 /* StudyMate2UITests.swift */; };
		142386932AF36BDC00E679A5 /* StudyMate2UITestsLaunchTests.swift in Sources */ = {isa = PBXBuildFile; fileRef = 142386922AF36BDC00E679A5 /* StudyMate2UITestsLaunchTests.swift */; };
		142386B02AF36D2600E679A5 /* LoginView.swift in Sources */ = {isa = PBXBuildFile; fileRef = 142386AF2AF36D2600E679A5 /* LoginView.swift */; };
		142386B22AF36D3900E679A5 /* CalendarView.swift in Sources */ = {isa = PBXBuildFile; fileRef = 142386B12AF36D3900E679A5 /* CalendarView.swift */; };
		142386B42AF36D4500E679A5 /* FeedView.swift in Sources */ = {isa = PBXBuildFile; fileRef = 142386B32AF36D4500E679A5 /* FeedView.swift */; };
		142386B62AF36D4D00E679A5 /* MapView.swift in Sources */ = {isa = PBXBuildFile; fileRef = 142386B52AF36D4D00E679A5 /* MapView.swift */; };
		142386B82AF36D6100E679A5 /* PostingView.swift in Sources */ = {isa = PBXBuildFile; fileRef = 142386B72AF36D6100E679A5 /* PostingView.swift */; };
		142386BA2AF36D6A00E679A5 /* ProfileView.swift in Sources */ = {isa = PBXBuildFile; fileRef = 142386B92AF36D6A00E679A5 /* ProfileView.swift */; };
		142386BC2AF36D7800E679A5 /* MainTabView.swift in Sources */ = {isa = PBXBuildFile; fileRef = 142386BB2AF36D7800E679A5 /* MainTabView.swift */; };
/* End PBXBuildFile section */

/* Begin PBXContainerItemProxy section */
		142386832AF36BDC00E679A5 /* PBXContainerItemProxy */ = {
			isa = PBXContainerItemProxy;
			containerPortal = 1423866A2AF36BDB00E679A5 /* Project object */;
			proxyType = 1;
			remoteGlobalIDString = 142386712AF36BDB00E679A5;
			remoteInfo = StudyMate2;
		};
		1423868D2AF36BDC00E679A5 /* PBXContainerItemProxy */ = {
			isa = PBXContainerItemProxy;
			containerPortal = 1423866A2AF36BDB00E679A5 /* Project object */;
			proxyType = 1;
			remoteGlobalIDString = 142386712AF36BDB00E679A5;
			remoteInfo = StudyMate2;
		};
/* End PBXContainerItemProxy section */

/* Begin PBXFileReference section */
		142386722AF36BDB00E679A5 /* StudyMate2.app */ = {isa = PBXFileReference; explicitFileType = wrapper.application; includeInIndex = 0; path = StudyMate2.app; sourceTree = BUILT_PRODUCTS_DIR; };
		142386752AF36BDB00E679A5 /* StudyMate2App.swift */ = {isa = PBXFileReference; lastKnownFileType = sourcecode.swift; path = StudyMate2App.swift; sourceTree = "<group>"; };
		142386792AF36BDC00E679A5 /* Assets.xcassets */ = {isa = PBXFileReference; lastKnownFileType = folder.assetcatalog; path = Assets.xcassets; sourceTree = "<group>"; };
		1423867C2AF36BDC00E679A5 /* Preview Assets.xcassets */ = {isa = PBXFileReference; lastKnownFileType = folder.assetcatalog; path = "Preview Assets.xcassets"; sourceTree = "<group>"; };
		142386822AF36BDC00E679A5 /* StudyMate2Tests.xctest */ = {isa = PBXFileReference; explicitFileType = wrapper.cfbundle; includeInIndex = 0; path = StudyMate2Tests.xctest; sourceTree = BUILT_PRODUCTS_DIR; };
		142386862AF36BDC00E679A5 /* StudyMate2Tests.swift */ = {isa = PBXFileReference; lastKnownFileType = sourcecode.swift; path = StudyMate2Tests.swift; sourceTree = "<group>"; };
		1423868C2AF36BDC00E679A5 /* StudyMate2UITests.xctest */ = {isa = PBXFileReference; explicitFileType = wrapper.cfbundle; includeInIndex = 0; path = StudyMate2UITests.xctest; sourceTree = BUILT_PRODUCTS_DIR; };
		142386902AF36BDC00E679A5 /* StudyMate2UITests.swift */ = {isa = PBXFileReference; lastKnownFileType = sourcecode.swift; path = StudyMate2UITests.swift; sourceTree = "<group>"; };
		142386922AF36BDC00E679A5 /* StudyMate2UITestsLaunchTests.swift */ = {isa = PBXFileReference; lastKnownFileType = sourcecode.swift; path = StudyMate2UITestsLaunchTests.swift; sourceTree = "<group>"; };
		142386AF2AF36D2600E679A5 /* LoginView.swift */ = {isa = PBXFileReference; lastKnownFileType = sourcecode.swift; path = LoginView.swift; sourceTree = "<group>"; };
		142386B12AF36D3900E679A5 /* CalendarView.swift */ = {isa = PBXFileReference; lastKnownFileType = sourcecode.swift; path = CalendarView.swift; sourceTree = "<group>"; };
		142386B32AF36D4500E679A5 /* FeedView.swift */ = {isa = PBXFileReference; lastKnownFileType = sourcecode.swift; path = FeedView.swift; sourceTree = "<group>"; };
		142386B52AF36D4D00E679A5 /* MapView.swift */ = {isa = PBXFileReference; lastKnownFileType = sourcecode.swift; path = MapView.swift; sourceTree = "<group>"; };
		142386B72AF36D6100E679A5 /* PostingView.swift */ = {isa = PBXFileReference; lastKnownFileType = sourcecode.swift; path = PostingView.swift; sourceTree = "<group>"; };
		142386B92AF36D6A00E679A5 /* ProfileView.swift */ = {isa = PBXFileReference; lastKnownFileType = sourcecode.swift; path = ProfileView.swift; sourceTree = "<group>"; };
		142386BB2AF36D7800E679A5 /* MainTabView.swift */ = {isa = PBXFileReference; lastKnownFileType = sourcecode.swift; path = MainTabView.swift; sourceTree = "<group>"; };
/* End PBXFileReference section */

/* Begin PBXFrameworksBuildPhase section */
		1423866F2AF36BDB00E679A5 /* Frameworks */ = {
			isa = PBXFrameworksBuildPhase;
			buildActionMask = 2147483647;
			files = (
			);
			runOnlyForDeploymentPostprocessing = 0;
		};
		1423867F2AF36BDC00E679A5 /* Frameworks */ = {
			isa = PBXFrameworksBuildPhase;
			buildActionMask = 2147483647;
			files = (
			);
			runOnlyForDeploymentPostprocessing = 0;
		};
		142386892AF36BDC00E679A5 /* Frameworks */ = {
			isa = PBXFrameworksBuildPhase;
			buildActionMask = 2147483647;
			files = (
			);
			runOnlyForDeploymentPostprocessing = 0;
		};
/* End PBXFrameworksBuildPhase section */

/* Begin PBXGroup section */
		142386692AF36BDB00E679A5 = {
			isa = PBXGroup;
			children = (
				142386742AF36BDB00E679A5 /* StudyMate2 */,
				142386852AF36BDC00E679A5 /* StudyMate2Tests */,
				1423868F2AF36BDC00E679A5 /* StudyMate2UITests */,
				142386732AF36BDB00E679A5 /* Products */,
			);
			sourceTree = "<group>";
		};
		142386732AF36BDB00E679A5 /* Products */ = {
			isa = PBXGroup;
			children = (
				142386722AF36BDB00E679A5 /* StudyMate2.app */,
				142386822AF36BDC00E679A5 /* StudyMate2Tests.xctest */,
				1423868C2AF36BDC00E679A5 /* StudyMate2UITests.xctest */,
			);
			name = Products;
			sourceTree = "<group>";
		};
		142386742AF36BDB00E679A5 /* StudyMate2 */ = {
			isa = PBXGroup;
			children = (
				142386A12AF36C3F00E679A5 /* App */,
				142386A22AF36C5500E679A5 /* Core */,
				142386792AF36BDC00E679A5 /* Assets.xcassets */,
				1423867B2AF36BDC00E679A5 /* Preview Content */,
			);
			path = StudyMate2;
			sourceTree = "<group>";
		};
		1423867B2AF36BDC00E679A5 /* Preview Content */ = {
			isa = PBXGroup;
			children = (
				1423867C2AF36BDC00E679A5 /* Preview Assets.xcassets */,
			);
			path = "Preview Content";
			sourceTree = "<group>";
		};
		142386852AF36BDC00E679A5 /* StudyMate2Tests */ = {
			isa = PBXGroup;
			children = (
				142386862AF36BDC00E679A5 /* StudyMate2Tests.swift */,
			);
			path = StudyMate2Tests;
			sourceTree = "<group>";
		};
		1423868F2AF36BDC00E679A5 /* StudyMate2UITests */ = {
			isa = PBXGroup;
			children = (
				142386902AF36BDC00E679A5 /* StudyMate2UITests.swift */,
				142386922AF36BDC00E679A5 /* StudyMate2UITestsLaunchTests.swift */,
			);
			path = StudyMate2UITests;
			sourceTree = "<group>";
		};
		142386A12AF36C3F00E679A5 /* App */ = {
			isa = PBXGroup;
			children = (
				142386752AF36BDB00E679A5 /* StudyMate2App.swift */,
			);
			path = App;
			sourceTree = "<group>";
		};
		142386A22AF36C5500E679A5 /* Core */ = {
			isa = PBXGroup;
			children = (
				142386A72AF36CB500E679A5 /* Authentication */,
				142386A92AF36CC800E679A5 /* Calendar */,
				142386AA2AF36CD300E679A5 /* Feed */,
				142386AB2AF36CD900E679A5 /* Map */,
				142386AC2AF36CDE00E679A5 /* Posts */,
				142386AD2AF36CE400E679A5 /* Profile */,
				142386AE2AF36CE900E679A5 /* TabView */,
			);
			path = Core;
			sourceTree = "<group>";
		};
		142386A72AF36CB500E679A5 /* Authentication */ = {
			isa = PBXGroup;
			children = (
				142386AF2AF36D2600E679A5 /* LoginView.swift */,
			);
			path = Authentication;
			sourceTree = "<group>";
		};
		142386A92AF36CC800E679A5 /* Calendar */ = {
			isa = PBXGroup;
			children = (
				142386B12AF36D3900E679A5 /* CalendarView.swift */,
			);
			path = Calendar;
			sourceTree = "<group>";
		};
		142386AA2AF36CD300E679A5 /* Feed */ = {
			isa = PBXGroup;
			children = (
				142386B32AF36D4500E679A5 /* FeedView.swift */,
			);
			path = Feed;
			sourceTree = "<group>";
		};
		142386AB2AF36CD900E679A5 /* Map */ = {
			isa = PBXGroup;
			children = (
				142386B52AF36D4D00E679A5 /* MapView.swift */,
			);
			path = Map;
			sourceTree = "<group>";
		};
		142386AC2AF36CDE00E679A5 /* Posts */ = {
			isa = PBXGroup;
			children = (
				142386B72AF36D6100E679A5 /* PostingView.swift */,
			);
			path = Posts;
			sourceTree = "<group>";
		};
		142386AD2AF36CE400E679A5 /* Profile */ = {
			isa = PBXGroup;
			children = (
				142386B92AF36D6A00E679A5 /* ProfileView.swift */,
			);
			path = Profile;
			sourceTree = "<group>";
		};
		142386AE2AF36CE900E679A5 /* TabView */ = {
			isa = PBXGroup;
			children = (
				142386BB2AF36D7800E679A5 /* MainTabView.swift */,
			);
			path = TabView;
			sourceTree = "<group>";
		};
/* End PBXGroup section */

/* Begin PBXNativeTarget section */
		142386712AF36BDB00E679A5 /* StudyMate2 */ = {
			isa = PBXNativeTarget;
			buildConfigurationList = 142386962AF36BDC00E679A5 /* Build configuration list for PBXNativeTarget "StudyMate2" */;
			buildPhases = (
				1423866E2AF36BDB00E679A5 /* Sources */,
				1423866F2AF36BDB00E679A5 /* Frameworks */,
				142386702AF36BDB00E679A5 /* Resources */,
			);
			buildRules = (
			);
			dependencies = (
			);
			name = StudyMate2;
			productName = StudyMate2;
			productReference = 142386722AF36BDB00E679A5 /* StudyMate2.app */;
			productType = "com.apple.product-type.application";
		};
		142386812AF36BDC00E679A5 /* StudyMate2Tests */ = {
			isa = PBXNativeTarget;
			buildConfigurationList = 142386992AF36BDC00E679A5 /* Build configuration list for PBXNativeTarget "StudyMate2Tests" */;
			buildPhases = (
				1423867E2AF36BDC00E679A5 /* Sources */,
				1423867F2AF36BDC00E679A5 /* Frameworks */,
				142386802AF36BDC00E679A5 /* Resources */,
			);
			buildRules = (
			);
			dependencies = (
				142386842AF36BDC00E679A5 /* PBXTargetDependency */,
			);
			name = StudyMate2Tests;
			productName = StudyMate2Tests;
			productReference = 142386822AF36BDC00E679A5 /* StudyMate2Tests.xctest */;
			productType = "com.apple.product-type.bundle.unit-test";
		};
		1423868B2AF36BDC00E679A5 /* StudyMate2UITests */ = {
			isa = PBXNativeTarget;
			buildConfigurationList = 1423869C2AF36BDC00E679A5 /* Build configuration list for PBXNativeTarget "StudyMate2UITests" */;
			buildPhases = (
				142386882AF36BDC00E679A5 /* Sources */,
				142386892AF36BDC00E679A5 /* Frameworks */,
				1423868A2AF36BDC00E679A5 /* Resources */,
			);
			buildRules = (
			);
			dependencies = (
				1423868E2AF36BDC00E679A5 /* PBXTargetDependency */,
			);
			name = StudyMate2UITests;
			productName = StudyMate2UITests;
			productReference = 1423868C2AF36BDC00E679A5 /* StudyMate2UITests.xctest */;
			productType = "com.apple.product-type.bundle.ui-testing";
		};
/* End PBXNativeTarget section */

/* Begin PBXProject section */
		1423866A2AF36BDB00E679A5 /* Project object */ = {
			isa = PBXProject;
			attributes = {
				BuildIndependentTargetsInParallel = 1;
				LastSwiftUpdateCheck = 1500;
				LastUpgradeCheck = 1500;
				TargetAttributes = {
					142386712AF36BDB00E679A5 = {
						CreatedOnToolsVersion = 15.0.1;
					};
					142386812AF36BDC00E679A5 = {
						CreatedOnToolsVersion = 15.0.1;
						TestTargetID = 142386712AF36BDB00E679A5;
					};
					1423868B2AF36BDC00E679A5 = {
						CreatedOnToolsVersion = 15.0.1;
						TestTargetID = 142386712AF36BDB00E679A5;
					};
				};
			};
			buildConfigurationList = 1423866D2AF36BDB00E679A5 /* Build configuration list for PBXProject "StudyMate2" */;
			compatibilityVersion = "Xcode 14.0";
			developmentRegion = en;
			hasScannedForEncodings = 0;
			knownRegions = (
				en,
				Base,
			);
			mainGroup = 142386692AF36BDB00E679A5;
			productRefGroup = 142386732AF36BDB00E679A5 /* Products */;
			projectDirPath = "";
			projectRoot = "";
			targets = (
				142386712AF36BDB00E679A5 /* StudyMate2 */,
				142386812AF36BDC00E679A5 /* StudyMate2Tests */,
				1423868B2AF36BDC00E679A5 /* StudyMate2UITests */,
			);
		};
/* End PBXProject section */

/* Begin PBXResourcesBuildPhase section */
		142386702AF36BDB00E679A5 /* Resources */ = {
			isa = PBXResourcesBuildPhase;
			buildActionMask = 2147483647;
			files = (
				1423867D2AF36BDC00E679A5 /* Preview Assets.xcassets in Resources */,
				1423867A2AF36BDC00E679A5 /* Assets.xcassets in Resources */,
			);
			runOnlyForDeploymentPostprocessing = 0;
		};
		142386802AF36BDC00E679A5 /* Resources */ = {
			isa = PBXResourcesBuildPhase;
			buildActionMask = 2147483647;
			files = (
			);
			runOnlyForDeploymentPostprocessing = 0;
		};
		1423868A2AF36BDC00E679A5 /* Resources */ = {
			isa = PBXResourcesBuildPhase;
			buildActionMask = 2147483647;
			files = (
			);
			runOnlyForDeploymentPostprocessing = 0;
		};
/* End PBXResourcesBuildPhase section */

/* Begin PBXSourcesBuildPhase section */
		1423866E2AF36BDB00E679A5 /* Sources */ = {
			isa = PBXSourcesBuildPhase;
			buildActionMask = 2147483647;
			files = (
				142386BA2AF36D6A00E679A5 /* ProfileView.swift in Sources */,
				142386B42AF36D4500E679A5 /* FeedView.swift in Sources */,
				142386BC2AF36D7800E679A5 /* MainTabView.swift in Sources */,
				142386B62AF36D4D00E679A5 /* MapView.swift in Sources */,
				142386B82AF36D6100E679A5 /* PostingView.swift in Sources */,
				142386B02AF36D2600E679A5 /* LoginView.swift in Sources */,
				142386B22AF36D3900E679A5 /* CalendarView.swift in Sources */,
				142386762AF36BDB00E679A5 /* StudyMate2App.swift in Sources */,
			);
			runOnlyForDeploymentPostprocessing = 0;
		};
		1423867E2AF36BDC00E679A5 /* Sources */ = {
			isa = PBXSourcesBuildPhase;
			buildActionMask = 2147483647;
			files = (
				142386872AF36BDC00E679A5 /* StudyMate2Tests.swift in Sources */,
			);
			runOnlyForDeploymentPostprocessing = 0;
		};
		142386882AF36BDC00E679A5 /* Sources */ = {
			isa = PBXSourcesBuildPhase;
			buildActionMask = 2147483647;
			files = (
				142386932AF36BDC00E679A5 /* StudyMate2UITestsLaunchTests.swift in Sources */,
				142386912AF36BDC00E679A5 /* StudyMate2UITests.swift in Sources */,
			);
			runOnlyForDeploymentPostprocessing = 0;
		};
/* End PBXSourcesBuildPhase section */

/* Begin PBXTargetDependency section */
		142386842AF36BDC00E679A5 /* PBXTargetDependency */ = {
			isa = PBXTargetDependency;
			target = 142386712AF36BDB00E679A5 /* StudyMate2 */;
			targetProxy = 142386832AF36BDC00E679A5 /* PBXContainerItemProxy */;
		};
		1423868E2AF36BDC00E679A5 /* PBXTargetDependency */ = {
			isa = PBXTargetDependency;
			target = 142386712AF36BDB00E679A5 /* StudyMate2 */;
			targetProxy = 1423868D2AF36BDC00E679A5 /* PBXContainerItemProxy */;
		};
/* End PBXTargetDependency section */

/* Begin XCBuildConfiguration section */
		142386942AF36BDC00E679A5 /* Debug */ = {
			isa = XCBuildConfiguration;
			buildSettings = {
				ALWAYS_SEARCH_USER_PATHS = NO;
				ASSETCATALOG_COMPILER_GENERATE_SWIFT_ASSET_SYMBOL_EXTENSIONS = YES;
				CLANG_ANALYZER_NONNULL = YES;
				CLANG_ANALYZER_NUMBER_OBJECT_CONVERSION = YES_AGGRESSIVE;
				CLANG_CXX_LANGUAGE_STANDARD = "gnu++20";
				CLANG_ENABLE_MODULES = YES;
				CLANG_ENABLE_OBJC_ARC = YES;
				CLANG_ENABLE_OBJC_WEAK = YES;
				CLANG_WARN_BLOCK_CAPTURE_AUTORELEASING = YES;
				CLANG_WARN_BOOL_CONVERSION = YES;
				CLANG_WARN_COMMA = YES;
				CLANG_WARN_CONSTANT_CONVERSION = YES;
				CLANG_WARN_DEPRECATED_OBJC_IMPLEMENTATIONS = YES;
				CLANG_WARN_DIRECT_OBJC_ISA_USAGE = YES_ERROR;
				CLANG_WARN_DOCUMENTATION_COMMENTS = YES;
				CLANG_WARN_EMPTY_BODY = YES;
				CLANG_WARN_ENUM_CONVERSION = YES;
				CLANG_WARN_INFINITE_RECURSION = YES;
				CLANG_WARN_INT_CONVERSION = YES;
				CLANG_WARN_NON_LITERAL_NULL_CONVERSION = YES;
				CLANG_WARN_OBJC_IMPLICIT_RETAIN_SELF = YES;
				CLANG_WARN_OBJC_LITERAL_CONVERSION = YES;
				CLANG_WARN_OBJC_ROOT_CLASS = YES_ERROR;
				CLANG_WARN_QUOTED_INCLUDE_IN_FRAMEWORK_HEADER = YES;
				CLANG_WARN_RANGE_LOOP_ANALYSIS = YES;
				CLANG_WARN_STRICT_PROTOTYPES = YES;
				CLANG_WARN_SUSPICIOUS_MOVE = YES;
				CLANG_WARN_UNGUARDED_AVAILABILITY = YES_AGGRESSIVE;
				CLANG_WARN_UNREACHABLE_CODE = YES;
				CLANG_WARN__DUPLICATE_METHOD_MATCH = YES;
				COPY_PHASE_STRIP = NO;
				DEBUG_INFORMATION_FORMAT = dwarf;
				ENABLE_STRICT_OBJC_MSGSEND = YES;
				ENABLE_TESTABILITY = YES;
				ENABLE_USER_SCRIPT_SANDBOXING = YES;
				GCC_C_LANGUAGE_STANDARD = gnu17;
				GCC_DYNAMIC_NO_PIC = NO;
				GCC_NO_COMMON_BLOCKS = YES;
				GCC_OPTIMIZATION_LEVEL = 0;
				GCC_PREPROCESSOR_DEFINITIONS = (
					"DEBUG=1",
					"$(inherited)",
				);
				GCC_WARN_64_TO_32_BIT_CONVERSION = YES;
				GCC_WARN_ABOUT_RETURN_TYPE = YES_ERROR;
				GCC_WARN_UNDECLARED_SELECTOR = YES;
				GCC_WARN_UNINITIALIZED_AUTOS = YES_AGGRESSIVE;
				GCC_WARN_UNUSED_FUNCTION = YES;
				GCC_WARN_UNUSED_VARIABLE = YES;
				IPHONEOS_DEPLOYMENT_TARGET = 17.0;
				LOCALIZATION_PREFERS_STRING_CATALOGS = YES;
				MTL_ENABLE_DEBUG_INFO = INCLUDE_SOURCE;
				MTL_FAST_MATH = YES;
				ONLY_ACTIVE_ARCH = YES;
				SDKROOT = iphoneos;
				SWIFT_ACTIVE_COMPILATION_CONDITIONS = "DEBUG $(inherited)";
				SWIFT_OPTIMIZATION_LEVEL = "-Onone";
			};
			name = Debug;
		};
		142386952AF36BDC00E679A5 /* Release */ = {
			isa = XCBuildConfiguration;
			buildSettings = {
				ALWAYS_SEARCH_USER_PATHS = NO;
				ASSETCATALOG_COMPILER_GENERATE_SWIFT_ASSET_SYMBOL_EXTENSIONS = YES;
				CLANG_ANALYZER_NONNULL = YES;
				CLANG_ANALYZER_NUMBER_OBJECT_CONVERSION = YES_AGGRESSIVE;
				CLANG_CXX_LANGUAGE_STANDARD = "gnu++20";
				CLANG_ENABLE_MODULES = YES;
				CLANG_ENABLE_OBJC_ARC = YES;
				CLANG_ENABLE_OBJC_WEAK = YES;
				CLANG_WARN_BLOCK_CAPTURE_AUTORELEASING = YES;
				CLANG_WARN_BOOL_CONVERSION = YES;
				CLANG_WARN_COMMA = YES;
				CLANG_WARN_CONSTANT_CONVERSION = YES;
				CLANG_WARN_DEPRECATED_OBJC_IMPLEMENTATIONS = YES;
				CLANG_WARN_DIRECT_OBJC_ISA_USAGE = YES_ERROR;
				CLANG_WARN_DOCUMENTATION_COMMENTS = YES;
				CLANG_WARN_EMPTY_BODY = YES;
				CLANG_WARN_ENUM_CONVERSION = YES;
				CLANG_WARN_INFINITE_RECURSION = YES;
				CLANG_WARN_INT_CONVERSION = YES;
				CLANG_WARN_NON_LITERAL_NULL_CONVERSION = YES;
				CLANG_WARN_OBJC_IMPLICIT_RETAIN_SELF = YES;
				CLANG_WARN_OBJC_LITERAL_CONVERSION = YES;
				CLANG_WARN_OBJC_ROOT_CLASS = YES_ERROR;
				CLANG_WARN_QUOTED_INCLUDE_IN_FRAMEWORK_HEADER = YES;
				CLANG_WARN_RANGE_LOOP_ANALYSIS = YES;
				CLANG_WARN_STRICT_PROTOTYPES = YES;
				CLANG_WARN_SUSPICIOUS_MOVE = YES;
				CLANG_WARN_UNGUARDED_AVAILABILITY = YES_AGGRESSIVE;
				CLANG_WARN_UNREACHABLE_CODE = YES;
				CLANG_WARN__DUPLICATE_METHOD_MATCH = YES;
				COPY_PHASE_STRIP = NO;
				DEBUG_INFORMATION_FORMAT = "dwarf-with-dsym";
				ENABLE_NS_ASSERTIONS = NO;
				ENABLE_STRICT_OBJC_MSGSEND = YES;
				ENABLE_USER_SCRIPT_SANDBOXING = YES;
				GCC_C_LANGUAGE_STANDARD = gnu17;
				GCC_NO_COMMON_BLOCKS = YES;
				GCC_WARN_64_TO_32_BIT_CONVERSION = YES;
				GCC_WARN_ABOUT_RETURN_TYPE = YES_ERROR;
				GCC_WARN_UNDECLARED_SELECTOR = YES;
				GCC_WARN_UNINITIALIZED_AUTOS = YES_AGGRESSIVE;
				GCC_WARN_UNUSED_FUNCTION = YES;
				GCC_WARN_UNUSED_VARIABLE = YES;
				IPHONEOS_DEPLOYMENT_TARGET = 17.0;
				LOCALIZATION_PREFERS_STRING_CATALOGS = YES;
				MTL_ENABLE_DEBUG_INFO = NO;
				MTL_FAST_MATH = YES;
				SDKROOT = iphoneos;
				SWIFT_COMPILATION_MODE = wholemodule;
				VALIDATE_PRODUCT = YES;
			};
			name = Release;
		};
		142386972AF36BDC00E679A5 /* Debug */ = {
			isa = XCBuildConfiguration;
			buildSettings = {
				ASSETCATALOG_COMPILER_APPICON_NAME = AppIcon;
				ASSETCATALOG_COMPILER_GLOBAL_ACCENT_COLOR_NAME = AccentColor;
				CODE_SIGN_STYLE = Automatic;
				CURRENT_PROJECT_VERSION = 1;
				DEVELOPMENT_ASSET_PATHS = "\"StudyMate2/Preview Content\"";
				DEVELOPMENT_TEAM = KYAMG82YF5;
				ENABLE_PREVIEWS = YES;
				GENERATE_INFOPLIST_FILE = YES;
				INFOPLIST_KEY_UIApplicationSceneManifest_Generation = YES;
				INFOPLIST_KEY_UIApplicationSupportsIndirectInputEvents = YES;
				INFOPLIST_KEY_UILaunchScreen_Generation = YES;
				INFOPLIST_KEY_UISupportedInterfaceOrientations_iPad = "UIInterfaceOrientationPortrait UIInterfaceOrientationPortraitUpsideDown UIInterfaceOrientationLandscapeLeft UIInterfaceOrientationLandscapeRight";
				INFOPLIST_KEY_UISupportedInterfaceOrientations_iPhone = "UIInterfaceOrientationPortrait UIInterfaceOrientationLandscapeLeft UIInterfaceOrientationLandscapeRight";
				LD_RUNPATH_SEARCH_PATHS = (
					"$(inherited)",
					"@executable_path/Frameworks",
				);
				MARKETING_VERSION = 1.0;
				PRODUCT_BUNDLE_IDENTIFIER = C.StudyMate2;
				PRODUCT_NAME = "$(TARGET_NAME)";
				SWIFT_EMIT_LOC_STRINGS = YES;
				SWIFT_VERSION = 5.0;
				TARGETED_DEVICE_FAMILY = "1,2";
			};
			name = Debug;
		};
		142386982AF36BDC00E679A5 /* Release */ = {
			isa = XCBuildConfiguration;
			buildSettings = {
				ASSETCATALOG_COMPILER_APPICON_NAME = AppIcon;
				ASSETCATALOG_COMPILER_GLOBAL_ACCENT_COLOR_NAME = AccentColor;
				CODE_SIGN_STYLE = Automatic;
				CURRENT_PROJECT_VERSION = 1;
				DEVELOPMENT_ASSET_PATHS = "\"StudyMate2/Preview Content\"";
				DEVELOPMENT_TEAM = KYAMG82YF5;
				ENABLE_PREVIEWS = YES;
				GENERATE_INFOPLIST_FILE = YES;
				INFOPLIST_KEY_UIApplicationSceneManifest_Generation = YES;
				INFOPLIST_KEY_UIApplicationSupportsIndirectInputEvents = YES;
				INFOPLIST_KEY_UILaunchScreen_Generation = YES;
				INFOPLIST_KEY_UISupportedInterfaceOrientations_iPad = "UIInterfaceOrientationPortrait UIInterfaceOrientationPortraitUpsideDown UIInterfaceOrientationLandscapeLeft UIInterfaceOrientationLandscapeRight";
				INFOPLIST_KEY_UISupportedInterfaceOrientations_iPhone = "UIInterfaceOrientationPortrait UIInterfaceOrientationLandscapeLeft UIInterfaceOrientationLandscapeRight";
				LD_RUNPATH_SEARCH_PATHS = (
					"$(inherited)",
					"@executable_path/Frameworks",
				);
				MARKETING_VERSION = 1.0;
				PRODUCT_BUNDLE_IDENTIFIER = C.StudyMate2;
				PRODUCT_NAME = "$(TARGET_NAME)";
				SWIFT_EMIT_LOC_STRINGS = YES;
				SWIFT_VERSION = 5.0;
				TARGETED_DEVICE_FAMILY = "1,2";
			};
			name = Release;
		};
		1423869A2AF36BDC00E679A5 /* Debug */ = {
			isa = XCBuildConfiguration;
			buildSettings = {
				ALWAYS_EMBED_SWIFT_STANDARD_LIBRARIES = YES;
				BUNDLE_LOADER = "$(TEST_HOST)";
				CODE_SIGN_STYLE = Automatic;
				CURRENT_PROJECT_VERSION = 1;
				DEVELOPMENT_TEAM = KYAMG82YF5;
				GENERATE_INFOPLIST_FILE = YES;
				IPHONEOS_DEPLOYMENT_TARGET = 17.0;
				MARKETING_VERSION = 1.0;
				PRODUCT_BUNDLE_IDENTIFIER = C.StudyMate2Tests;
				PRODUCT_NAME = "$(TARGET_NAME)";
				SWIFT_EMIT_LOC_STRINGS = NO;
				SWIFT_VERSION = 5.0;
				TARGETED_DEVICE_FAMILY = "1,2";
				TEST_HOST = "$(BUILT_PRODUCTS_DIR)/StudyMate2.app/$(BUNDLE_EXECUTABLE_FOLDER_PATH)/StudyMate2";
			};
			name = Debug;
		};
		1423869B2AF36BDC00E679A5 /* Release */ = {
			isa = XCBuildConfiguration;
			buildSettings = {
				ALWAYS_EMBED_SWIFT_STANDARD_LIBRARIES = YES;
				BUNDLE_LOADER = "$(TEST_HOST)";
				CODE_SIGN_STYLE = Automatic;
				CURRENT_PROJECT_VERSION = 1;
				DEVELOPMENT_TEAM = KYAMG82YF5;
				GENERATE_INFOPLIST_FILE = YES;
				IPHONEOS_DEPLOYMENT_TARGET = 17.0;
				MARKETING_VERSION = 1.0;
				PRODUCT_BUNDLE_IDENTIFIER = C.StudyMate2Tests;
				PRODUCT_NAME = "$(TARGET_NAME)";
				SWIFT_EMIT_LOC_STRINGS = NO;
				SWIFT_VERSION = 5.0;
				TARGETED_DEVICE_FAMILY = "1,2";
				TEST_HOST = "$(BUILT_PRODUCTS_DIR)/StudyMate2.app/$(BUNDLE_EXECUTABLE_FOLDER_PATH)/StudyMate2";
			};
			name = Release;
		};
		1423869D2AF36BDC00E679A5 /* Debug */ = {
			isa = XCBuildConfiguration;
			buildSettings = {
				ALWAYS_EMBED_SWIFT_STANDARD_LIBRARIES = YES;
				CODE_SIGN_STYLE = Automatic;
				CURRENT_PROJECT_VERSION = 1;
				DEVELOPMENT_TEAM = KYAMG82YF5;
				GENERATE_INFOPLIST_FILE = YES;
				MARKETING_VERSION = 1.0;
				PRODUCT_BUNDLE_IDENTIFIER = C.StudyMate2UITests;
				PRODUCT_NAME = "$(TARGET_NAME)";
				SWIFT_EMIT_LOC_STRINGS = NO;
				SWIFT_VERSION = 5.0;
				TARGETED_DEVICE_FAMILY = "1,2";
				TEST_TARGET_NAME = StudyMate2;
			};
			name = Debug;
		};
		1423869E2AF36BDC00E679A5 /* Release */ = {
			isa = XCBuildConfiguration;
			buildSettings = {
				ALWAYS_EMBED_SWIFT_STANDARD_LIBRARIES = YES;
				CODE_SIGN_STYLE = Automatic;
				CURRENT_PROJECT_VERSION = 1;
				DEVELOPMENT_TEAM = KYAMG82YF5;
				GENERATE_INFOPLIST_FILE = YES;
				MARKETING_VERSION = 1.0;
				PRODUCT_BUNDLE_IDENTIFIER = C.StudyMate2UITests;
				PRODUCT_NAME = "$(TARGET_NAME)";
				SWIFT_EMIT_LOC_STRINGS = NO;
				SWIFT_VERSION = 5.0;
				TARGETED_DEVICE_FAMILY = "1,2";
				TEST_TARGET_NAME = StudyMate2;
			};
			name = Release;
		};
/* End XCBuildConfiguration section */

/* Begin XCConfigurationList section */
		1423866D2AF36BDB00E679A5 /* Build configuration list for PBXProject "StudyMate2" */ = {
			isa = XCConfigurationList;
			buildConfigurations = (
				142386942AF36BDC00E679A5 /* Debug */,
				142386952AF36BDC00E679A5 /* Release */,
			);
			defaultConfigurationIsVisible = 0;
			defaultConfigurationName = Release;
		};
		142386962AF36BDC00E679A5 /* Build configuration list for PBXNativeTarget "StudyMate2" */ = {
			isa = XCConfigurationList;
			buildConfigurations = (
				142386972AF36BDC00E679A5 /* Debug */,
				142386982AF36BDC00E679A5 /* Release */,
			);
			defaultConfigurationIsVisible = 0;
			defaultConfigurationName = Release;
		};
		142386992AF36BDC00E679A5 /* Build configuration list for PBXNativeTarget "StudyMate2Tests" */ = {
			isa = XCConfigurationList;
			buildConfigurations = (
				1423869A2AF36BDC00E679A5 /* Debug */,
				1423869B2AF36BDC00E679A5 /* Release */,
			);
			defaultConfigurationIsVisible = 0;
			defaultConfigurationName = Release;
		};
		1423869C2AF36BDC00E679A5 /* Build configuration list for PBXNativeTarget "StudyMate2UITests" */ = {
			isa = XCConfigurationList;
			buildConfigurations = (
				1423869D2AF36BDC00E679A5 /* Debug */,
				1423869E2AF36BDC00E679A5 /* Release */,
			);
			defaultConfigurationIsVisible = 0;
			defaultConfigurationName = Release;
		};
/* End XCConfigurationList section */
	};
	rootObject = 1423866A2AF36BDB00E679A5 /* Project object */;
}
